
Microsoft Visual Studio Solution File, Format Version 12.00
# Visual Studio 2012
Project("{FAE04EC0-301F-11D3-BF4B-00C04F79EFBC}") = "shipper", "shipper\shipper.csproj", "{78B4B3C3-EB60-414B-99E2-534AC030D53A}"
EndProject
Global
	GlobalSection(SolutionConfigurationPlatforms) = preSolution
		Debug|Any CPU = Debug|Any CPU
		Release|Any CPU = Release|Any CPU
	EndGlobalSection
	GlobalSection(ProjectConfigurationPlatforms) = postSolution
		{78B4B3C3-EB60-414B-99E2-534AC030D53A}.Debug|Any CPU.ActiveCfg = Debug|Any CPU
		{78B4B3C3-EB60-414B-99E2-534AC030D53A}.Debug|Any CPU.Build.0 = Debug|Any CPU
		{78B4B3C3-EB60-414B-99E2-534AC030D53A}.Release|Any CPU.ActiveCfg = Release|Any CPU
		{78B4B3C3-EB60-414B-99E2-534AC030D53A}.Release|Any CPU.Build.0 = Release|Any CPU
	EndGlobalSection
	GlobalSection(SolutionProperties) = preSolution
		HideSolutionNode = FALSE
	EndGlobalSection
EndGlobal
